{
  "name": "chat_app",
  "version": "1.0.0",
  "lockfileVersion": 1,
  "requires": true,
  "dependencies": {
    "@types/component-emitter": {
      "version": "1.2.11",
      "resolved": "https://nexus.opst.c1.vanguard.com/repository/vanguard_npm_group/@types/component-emitter/-/component-emitter-1.2.11.tgz",
      "integrity": "sha512-/DxrDN85pPRk5sh3MWaPL5FRD1HOBc681RfzcRmXQJVsUhk6Wf2+eHvhc/lezrcyQT+zlrA5JcVtTAS8HNE6hQ=="
    },
    "@types/cookie": {
      "version": "0.4.1",
      "resolved": "https://nexus.opst.c1.vanguard.com/repository/vanguard_npm_group/@types/cookie/-/cookie-0.4.1.tgz",
      "integrity": "sha512-J/ZsCCNgO/LETJrVKK48S4btYIe2U5i8vVT0UAbrGOCgIHdZVN2mdzGrJQZpR4ZWQbICxR5e6qQkDWQHpTKnfg=="
    },
    "@types/cors": {
      "version": "2.8.12",
      "resolved": "https://nexus.opst.c1.vanguard.com/repository/vanguard_npm_group/@types/cors/-/cors-2.8.12.tgz",
      "integrity": "sha512-qaqyoCO3K3BunD82NPWhmjLUYm2zkLklquuxvYYpo0hbGpy71eRp/RdNOQti3yP8Y3jcW+exBufRXgNr4Y679Q=="
    },
    "@types/node": {
      "version": "16.11.1",
      "resolved": "https://nexus.opst.c1.vanguard.com/repository/vanguard_npm_group/@types/node/-/node-16.11.1.tgz",
      "integrity": "sha512-j0SrYWgxfccE4zLLimQVIDWg2Y4Kbk71RS1kUEuuTxmybRaO8XTSC/+zhBQ3MuSa4yoZNyPT522XhUE+bEHDPA=="
    },
    "@types/webidl-conversions": {
      "version": "6.1.1",
      "resolved": "https://nexus.opst.c1.vanguard.com/repository/vanguard_npm_group/@types/webidl-conversions/-/webidl-conversions-6.1.1.tgz",
      "integrity": "sha512-/idX8B6vcjkPe+FFQPw6xkGQsDhR/M59fAGfwBoDYC3Iax1N/i2GSgCDZr+Fw25BT+Ni1Vsx2CarCFYXSff44g=="
    },
    "@types/whatwg-url": {
      "version": "8.2.1",
      "resolved": "https://nexus.opst.c1.vanguard.com/repository/vanguard_npm_group/@types/whatwg-url/-/whatwg-url-8.2.1.tgz",
      "integrity": "sha512-IiOEjc/iXO055eMOUHeylzX9++/BiH7kkHLANnr4MorvJnCfEspPpExpil8mfZC6X/QnVGM4FbYZ269ILGMu2Q==",
      "requires": {
        "@types/node": "*",
        "@types/webidl-conversions": "*"
      }
    },
    "accepts": {
      "version": "1.2.13",
      "resolved": "https://nexus.opst.c1.vanguard.com/repository/vanguard_npm_group/accepts/-/accepts-1.2.13.tgz",
      "integrity": "sha512-G/SA1cSf+dzpHvvIZrKj3YV4L4F7tCuQvVZOAZw6Aa99wx+HqBGrLbLBRXfdt1Ut5tIIPWMQz48h3ChFZqRMYQ==",
      "requires": {
        "mime-types": "~2.1.6",
        "negotiator": "0.5.3"
      }
    },
    "array-flatten": {
      "version": "1.1.1",
      "resolved": "https://nexus.opst.c1.vanguard.com/repository/vanguard_npm_group/array-flatten/-/array-flatten-1.1.1.tgz",
      "integrity": "sha512-K3chhy/aV9yvV8dMdm91SwCTzvjICK0T6GzciHxSBSqDq+FhDGSE18Vm8Psn39gVIPQvg8OKdOtCN+yrBW6ziA=="
    },
    "base64-arraybuffer": {
      "version": "1.0.1",
      "resolved": "https://nexus.opst.c1.vanguard.com/repository/vanguard_npm_group/base64-arraybuffer/-/base64-arraybuffer-1.0.1.tgz",
      "integrity": "sha512-lgbSDrMEss4Gs+nt/xRpDp80AZYvgzyuUhGs3u1XXzk627UulJJ+T9Z4b4wpgazA/v5V7ffn41o7CrpleRSj6w=="
    },
    "base64-js": {
      "version": "1.5.1",
      "resolved": "https://nexus.opst.c1.vanguard.com/repository/vanguard_npm_group/base64-js/-/base64-js-1.5.1.tgz",
      "integrity": "sha512-vZBlpu8RoTTDDabStIkDFtuM1lz6p5mrS0PHXtMQkt7VQlNviUs4Jf1AYyyUQVzyUEafDEjw4UroEj8oVAmZrw=="
    },
    "base64id": {
      "version": "2.0.0",
      "resolved": "https://nexus.opst.c1.vanguard.com/repository/vanguard_npm_group/base64id/-/base64id-2.0.0.tgz",
      "integrity": "sha512-pQlM0fs7dhL6ND9hKSd74ZNGHKoKU5p7b/HajMXilK/EczBChHwZHrTCjwEstoAZlUcj73yAA72P1I+VPCM6gg=="
    },
    "body-parser": {
      "version": "1.17.2",
      "resolved": "https://nexus.opst.c1.vanguard.com/repository/vanguard_npm_group/body-parser/-/body-parser-1.17.2.tgz",
      "integrity": "sha512-F8gs3iLaK2laMF1trvyFr6y1Iixf3/k62bpXBruqF7mk55/JBJM94x/fc0mv6yBvmcXxzOde9ExtMnLeeZ2nBQ==",
      "requires": {
        "bytes": "2.4.0",
        "content-type": "~1.0.2",
        "debug": "2.6.7",
        "depd": "~1.1.0",
        "http-errors": "~1.6.1",
        "iconv-lite": "0.4.15",
        "on-finished": "~2.3.0",
        "qs": "6.4.0",
        "raw-body": "~2.2.0",
        "type-is": "~1.6.15"
      },
      "dependencies": {
        "debug": {
          "version": "2.6.7",
          "resolved": "https://nexus.opst.c1.vanguard.com/repository/vanguard_npm_group/debug/-/debug-2.6.7.tgz",
          "integrity": "sha512-7cbLK5iDqIz1O80WiqjoTRkCwujwF01zmsOEJ4aTrEcSNqFdeAn3Bep/FQdp2xnpwqM6WZTQ3cvo8Wiqri9xvg==",
          "requires": {
            "ms": "2.0.0"
          }
        },
        "http-errors": {
          "version": "1.6.3",
          "resolved": "https://nexus.opst.c1.vanguard.com/repository/vanguard_npm_group/http-errors/-/http-errors-1.6.3.tgz",
          "integrity": "sha512-i0pVwEySOAGmZOxdHEUvvZ510J+ao9BbfIyPo7A1CJusAhSIjUpuW906vl5eLLXTmvyTzw5+1i15tLYOPBC6pg==",
          "requires": {
            "depd": "~1.1.2",
            "inherits": "2.0.3",
            "setprototypeof": "1.1.0",
            "statuses": ">= 1.4.0 < 2"
          }
        },
        "inherits": {
          "version": "2.0.3",
          "resolved": "https://nexus.opst.c1.vanguard.com/repository/vanguard_npm_group/inherits/-/inherits-2.0.3.tgz",
          "integrity": "sha512-3xHmVSROwvaFnC2LcyJzgKTdHHDoG0glhgs4lcQmo/ItkshreGFHRpGkEI3s9t3T/3AUVEXIrCBQ2tg4Y/szhQ=="
        },
        "ms": {
          "version": "2.0.0",
          "resolved": "https://nexus.opst.c1.vanguard.com/repository/vanguard_npm_group/ms/-/ms-2.0.0.tgz",
          "integrity": "sha512-xCpWQdVTnte+xN+jNOKVwXxSbuF1TXsCH/pac0vgJ+VNbYXlD4FHm98I4FfMJOk52oF0npeKSPhjLLUFjFzgCg=="
        },
        "qs": {
          "version": "6.4.0",
          "resolved": "https://nexus.opst.c1.vanguard.com/repository/vanguard_npm_group/qs/-/qs-6.4.0.tgz",
          "integrity": "sha512-5ZYbKmR2qWoJX1FNAqFdEdAV7SwGpu+AGdPaWYiTYWIUIZjdTFHzmVy5BHlUohEPIsrcCO41RcOy1g+ytjCuqw=="
        },
        "statuses": {
          "version": "1.5.0",
          "resolved": "https://nexus.opst.c1.vanguard.com/repository/vanguard_npm_group/statuses/-/statuses-1.5.0.tgz",
          "integrity": "sha512-LBpGHHHzS1Xc5GzpapWKfN6+qy9+zZu7APAb5JHj1m5TgHSiBTTqgE8prTZjpr4NpqYECgs7gGFusQhlv5lK8Q=="
        }
      }
    },
    "bson": {
      "version": "4.5.3",
      "resolved": "https://nexus.opst.c1.vanguard.com/repository/vanguard_npm_group/bson/-/bson-4.5.3.tgz",
      "integrity": "sha512-agSFv2qOhYHRoNUi0L8Ucgm0j7ZasEGtfobbyqSNIkQ8cG9qKSRTi0yxkHx4BhdWYAYIblU3G1wnWtDNpS74EQ==",
      "requires": {
        "buffer": "^5.6.0"
      }
    },
    "buffer": {
      "version": "5.7.1",
      "resolved": "https://nexus.opst.c1.vanguard.com/repository/vanguard_npm_group/buffer/-/buffer-5.7.1.tgz",
      "integrity": "sha512-eWoB+pqxlSOQIjkjdu8djN3gxQAHXtkcL8aKAV/q/bbDTipBUGJn2+wIg8i84zsZtQHUY6I+6lgzGajceSA8DQ==",
      "requires": {
        "base64-js": "^1.3.1",
        "ieee754": "^1.1.13"
      }
    },
    "bytes": {
      "version": "2.4.0",
      "resolved": "https://nexus.opst.c1.vanguard.com/repository/vanguard_npm_group/bytes/-/bytes-2.4.0.tgz",
      "integrity": "sha512-QpXaCjDtXuLHznYMo1TyctXz66F7ZigcVnhBRV9yLw9sNfUNjvf6RYdk2MVmK+RIddMWEva2cgxVWcljTy+p7g=="
    },
    "component-emitter": {
      "version": "1.3.0",
      "resolved": "https://nexus.opst.c1.vanguard.com/repository/vanguard_npm_group/component-emitter/-/component-emitter-1.3.0.tgz",
      "integrity": "sha512-XiYR4GGt/MXzuyDOUTL6Cc1/Em3g0E/OlwbEuJzuq5Ujn+YZbfaLXhN43Y52yEKGJLzNDdyBNuWpTcyaRIPjWg=="
    },
    "content-disposition": {
      "version": "0.5.1",
      "resolved": "https://nexus.opst.c1.vanguard.com/repository/vanguard_npm_group/content-disposition/-/content-disposition-0.5.1.tgz",
      "integrity": "sha512-svGodGUPJOFgvub7RfNnikmE46iSbVcCWz5AuNp2lMqtsesputw4gsvI+LKmnpht9glXoohO/J/DLJFfxSnXig=="
    },
    "content-type": {
      "version": "1.0.4",
      "resolved": "https://nexus.opst.c1.vanguard.com/repository/vanguard_npm_group/content-type/-/content-type-1.0.4.tgz",
      "integrity": "sha512-fWH5ZWNu8nuuBw75qYebmpevRfp3REfuKSAkj8jV8I4vCefVmyYa6giVSETVGLvs6yAbDRlbLxDMMtY5rgsO9w=="
    },
    "cookie": {
      "version": "0.1.5",
      "resolved": "https://nexus.opst.c1.vanguard.com/repository/vanguard_npm_group/cookie/-/cookie-0.1.5.tgz",
      "integrity": "sha512-rqZ5FK1VfLImure7mNsedx5ITFONKCkvxcIbmMPtnPNHejiP7iXawtbnSSwy99KzQx86jlUcWG0iVWzQ6lY5rw=="
    },
    "cookie-signature": {
      "version": "1.0.6",
      "resolved": "https://nexus.opst.c1.vanguard.com/repository/vanguard_npm_group/cookie-signature/-/cookie-signature-1.0.6.tgz",
      "integrity": "sha512-Tl7aEn1FhtdSLe6jYn4W70GoYkMSPOwARZSsGuxxYAfWOBC2tnhliCTtYH6iPQK2qWiPCKRYX2iquCSE6T72oA=="
    },
    "cors": {
      "version": "2.8.5",
      "resolved": "https://nexus.opst.c1.vanguard.com/repository/vanguard_npm_group/cors/-/cors-2.8.5.tgz",
      "integrity": "sha512-6VY5uNvuC/uV/j1TUgJNQwRmadHnXfj2BRaxgrGaO9wnQWC3lfZT/mRIwfts8HN1ZaQNrE8tiwJAqLeJMZ71jA==",
      "requires": {
        "object-assign": "^4",
        "vary": "^1"
      }
    },
    "debug": {
      "version": "2.2.0",
      "resolved": "https://nexus.opst.c1.vanguard.com/repository/vanguard_npm_group/debug/-/debug-2.2.0.tgz",
      "integrity": "sha512-i8nWh55paXE2J/9muyVF2Goc79aFI0LvLxrBD7UU0Tw/mSIMj9GIP5Qg+Mu8gZi3DcA+Wub13RRmo2Aq+AS6+g==",
      "requires": {
        "ms": "0.7.1"
      }
    },
    "denque": {
      "version": "2.0.1",
      "resolved": "https://nexus.opst.c1.vanguard.com/repository/vanguard_npm_group/denque/-/denque-2.0.1.tgz",
      "integrity": "sha512-Aue4uEJKv+rqd4J2aN3l+t4f3qoN86ipiI8oE19ubDaqY6YamZ1ueh0hrH1HURpQ6yI/bFQL+OBRocIIEu7fEQ=="
    },
    "depd": {
      "version": "1.1.2",
      "resolved": "https://nexus.opst.c1.vanguard.com/repository/vanguard_npm_group/depd/-/depd-1.1.2.tgz",
      "integrity": "sha512-IBq2ObmgdO0YwqHygXK7TPjo8bxNehAN+tUxK4I6MJ9TAQKN6ku6kHkMJsb9tSpq9mlWD/QaLSsnzd2hxRQ72w=="
    },
    "destroy": {
      "version": "1.0.4",
      "resolved": "https://nexus.opst.c1.vanguard.com/repository/vanguard_npm_group/destroy/-/destroy-1.0.4.tgz",
      "integrity": "sha512-hXNftGPG7FExAmLH5b+/ODxVrlhb8zFk1wcR3UJm7htRVd/aORiZ4aYy1AdG6LQZHhmvGF1qsdNDLOEidO343w=="
    },
    "ee-first": {
      "version": "1.1.1",
      "resolved": "https://nexus.opst.c1.vanguard.com/repository/vanguard_npm_group/ee-first/-/ee-first-1.1.1.tgz",
      "integrity": "sha512-UjqqU7ErOtc3p8XKldso8uUxMcBHiP46TQLHYfSOZfTJz8eOYeMgDUTskjwKwWZgppYurZwzpqy9JQuKoM0+8Q=="
    },
    "engine.io": {
      "version": "6.0.0",
      "resolved": "https://nexus.opst.c1.vanguard.com/repository/vanguard_npm_group/engine.io/-/engine.io-6.0.0.tgz",
      "integrity": "sha512-FdOjzsmSwAUpqx85Oz925VNdeWsIGnUs5eKG3oq3ChM/LhfDZ3i4tSijPKJTDOzmDA1RPvdxzRwBtAVuO0k07A==",
      "requires": {
        "@types/cookie": "^0.4.1",
        "@types/cors": "^2.8.12",
        "@types/node": ">=10.0.0",
        "accepts": "~1.3.4",
        "base64id": "2.0.0",
        "cookie": "~0.4.1",
        "cors": "~2.8.5",
        "debug": "~4.3.1",
        "engine.io-parser": "~5.0.0",
        "ws": "~8.2.3"
      },
      "dependencies": {
        "accepts": {
          "version": "1.3.7",
          "resolved": "https://nexus.opst.c1.vanguard.com/repository/vanguard_npm_group/accepts/-/accepts-1.3.7.tgz",
          "integrity": "sha512-gCZzME2zgZSy0qAiurRnZM2ik9oboPD30WPJi9rTHezDpksLPrpQyvFPCYFOTvwsrySXT1Eg5p6I3Ba0VpzinA==",
          "requires": {
            "mime-types": "~2.1.24",
            "negotiator": "0.6.2"
          }
        },
        "cookie": {
          "version": "0.4.1",
          "resolved": "https://nexus.opst.c1.vanguard.com/repository/vanguard_npm_group/cookie/-/cookie-0.4.1.tgz",
          "integrity": "sha512-HEzCe/xbgpvvt39ZhEbGtOMdDFQAXKdyY6Fb6kSzOPsUYCzkdlbN4OXb83UIhqQI5DYzZ6ic8qVlV2SAFHfEsA=="
        },
        "debug": {
          "version": "4.3.2",
          "resolved": "https://nexus.opst.c1.vanguard.com/repository/vanguard_npm_group/debug/-/debug-4.3.2.tgz",
          "integrity": "sha512-FY5pAzp83Ka9ssn0UAnHRSRBnjhs7UhFmQN14LksoMEvEdyez2Sw5ljVdac8fTL0bdRtYOfUpTmEu18KB8OfCQ==",
          "requires": {
            "ms": "2.1.2"
          }
        },
        "ms": {
          "version": "2.1.2",
          "resolved": "https://nexus.opst.c1.vanguard.com/repository/vanguard_npm_group/ms/-/ms-2.1.2.tgz",
          "integrity": "sha512-m5uvOrjzxFZjHykc9+MheoNmMshp8l0mQrEuYDK45ZMWWo2Ew80VnHu2H/tY6s0o5ZX9R9x9rdr2+UdelDx3Xg=="
        },
        "negotiator": {
          "version": "0.6.2",
          "resolved": "https://nexus.opst.c1.vanguard.com/repository/vanguard_npm_group/negotiator/-/negotiator-0.6.2.tgz",
          "integrity": "sha512-sSfhd7UzyPGkW5dn5So4zA4Ba9Yl1x9PqS8/M5xfPbSmpdqQz7JEfZqFDKZeS6ilN4JRxtdsjm5le6TtNd92SA=="
        }
      }
    },
    "engine.io-parser": {
      "version": "5.0.1",
      "resolved": "https://nexus.opst.c1.vanguard.com/repository/vanguard_npm_group/engine.io-parser/-/engine.io-parser-5.0.1.tgz",
      "integrity": "sha512-Y+Bc0bnmw9F7ELeL0Pk7TdAAw6Kat/WnpYmvGnszaT2zn71VtqHMIajgZHb+f11cQJjwiaYhGUuWkn7WbDCvGg==",
      "requires": {
        "base64-arraybuffer": "~1.0.1"
      }
    },
    "escape-html": {
      "version": "1.0.3",
      "resolved": "https://nexus.opst.c1.vanguard.com/repository/vanguard_npm_group/escape-html/-/escape-html-1.0.3.tgz",
      "integrity": "sha512-veiq6qOBdY62mbTloeP2F/Vw9UjPvFgLbi+slH57P2sk2U2jrsT08bn5BEOCiuxtpsTcGJ0GYsh8jOGr4fk5HQ=="
    },
    "etag": {
      "version": "1.7.0",
      "resolved": "https://nexus.opst.c1.vanguard.com/repository/vanguard_npm_group/etag/-/etag-1.7.0.tgz",
      "integrity": "sha512-hJH4PvFKqX4vBPAP50oi+H9YghA3J/9iNIlCoENbkvykYzVQnm9wWDztziW28E/hImAiNb2thSYoxDLMK7SQlQ=="
    },
    "express": {
      "version": "4.13.4",
      "resolved": "https://nexus.opst.c1.vanguard.com/repository/vanguard_npm_group/express/-/express-4.13.4.tgz",
      "integrity": "sha512-kh6Ql+4E7kH4OWKSiLduV7I5ENinahZJtOBLaxyy08d+1gwXAl4u+GN2DWHBlYrib3DmuCGCstlCIzZ+aD+YrA==",
      "requires": {
        "accepts": "~1.2.12",
        "array-flatten": "1.1.1",
        "content-disposition": "0.5.1",
        "content-type": "~1.0.1",
        "cookie": "0.1.5",
        "cookie-signature": "1.0.6",
        "debug": "~2.2.0",
        "depd": "~1.1.0",
        "escape-html": "~1.0.3",
        "etag": "~1.7.0",
        "finalhandler": "0.4.1",
        "fresh": "0.3.0",
        "merge-descriptors": "1.0.1",
        "methods": "~1.1.2",
        "on-finished": "~2.3.0",
        "parseurl": "~1.3.1",
        "path-to-regexp": "0.1.7",
        "proxy-addr": "~1.0.10",
        "qs": "4.0.0",
        "range-parser": "~1.0.3",
        "send": "0.13.1",
        "serve-static": "~1.10.2",
        "type-is": "~1.6.6",
        "utils-merge": "1.0.0",
        "vary": "~1.0.1"
      }
    },
    "finalhandler": {
      "version": "0.4.1",
      "resolved": "https://nexus.opst.c1.vanguard.com/repository/vanguard_npm_group/finalhandler/-/finalhandler-0.4.1.tgz",
      "integrity": "sha512-4yIsEm/VfBdRvoA0ET/2UWrMkA+kc82pUMR1PpvU4LAek7XxtdvDu4dryzo6KEC4ZhIkP/Qd+BBlXFpb74rhHg==",
      "requires": {
        "debug": "~2.2.0",
        "escape-html": "~1.0.3",
        "on-finished": "~2.3.0",
        "unpipe": "~1.0.0"
      }
    },
    "forwarded": {
      "version": "0.1.2",
      "resolved": "https://nexus.opst.c1.vanguard.com/repository/vanguard_npm_group/forwarded/-/forwarded-0.1.2.tgz",
      "integrity": "sha512-P7VjZ9C6VR5sim+aWKgFP5ZvXOnBUI2S3ZzvWCYxhvFmiPbcQRFFHIIsN0ZjE0nzmdx3psXqsZWCVfAAsXodGA=="
    },
    "fresh": {
      "version": "0.3.0",
      "resolved": "https://nexus.opst.c1.vanguard.com/repository/vanguard_npm_group/fresh/-/fresh-0.3.0.tgz",
      "integrity": "sha512-N3yHx6CghXoSKVj/K4pcBUO3iWNVfwp6raOwCaoEIdZeh8/LtyBsOicfiVdcAIlQOzW2s/kqYhnRtCZ7Qj3CpQ=="
    },
    "http-errors": {
      "version": "1.3.1",
      "resolved": "https://nexus.opst.c1.vanguard.com/repository/vanguard_npm_group/http-errors/-/http-errors-1.3.1.tgz",
      "integrity": "sha512-FoGsf74mAM3/VOqWraK3fBHg8CF0zvB878BEfU5Lh3cjJEffHpSmgcsGxlb8/urNCwsfH0FkBScQwspSEAiIcQ==",
      "requires": {
        "inherits": "~2.0.1",
        "statuses": "1"
      }
    },
    "iconv-lite": {
      "version": "0.4.15",
      "resolved": "https://nexus.opst.c1.vanguard.com/repository/vanguard_npm_group/iconv-lite/-/iconv-lite-0.4.15.tgz",
      "integrity": "sha512-LERyHzR2xHCe4Z14eUqeAoZ3BaNrGiYji5wWrZqc3wx1nAmqBlUkawFKkEcD/igT2o/qjzjrNtuiwoVbRh32zg=="
    },
    "ieee754": {
      "version": "1.2.1",
      "resolved": "https://nexus.opst.c1.vanguard.com/repository/vanguard_npm_group/ieee754/-/ieee754-1.2.1.tgz",
      "integrity": "sha512-7s23s/1TST7WYpnggInyXKFItiUMDlZzbDzVm14KUn+EUfZljN1hv0mO0jit+k19JBvbIv1y/T29v8NozbrqXg=="
    },
    "inherits": {
      "version": "2.0.4",
      "resolved": "https://nexus.opst.c1.vanguard.com/repository/vanguard_npm_group/inherits/-/inherits-2.0.4.tgz",
      "integrity": "sha512-mBqz62xJxVWDn+8uxQ8I186bDx7Wac5E9Q4o3pOg6Iq/1m6BNkTqvtwtVoPNgdXlvwsHnbZ1+RZtm2JpSnoF+Q=="
    },
    "ipaddr.js": {
      "version": "1.0.5",
      "resolved": "https://nexus.opst.c1.vanguard.com/repository/vanguard_npm_group/ipaddr.js/-/ipaddr.js-1.0.5.tgz",
      "integrity": "sha512-ZGabI9q7gz2K+xQBKj6YL5qqCxugzYFTMvreq4vP96jCM4c7EbDitDcIXsvzNm+Kdm7kpHYF3unBdnv1hizQPQ=="
    },
    "kareem": {
      "version": "2.3.2",
      "resolved": "https://nexus.opst.c1.vanguard.com/repository/vanguard_npm_group/kareem/-/kareem-2.3.2.tgz",
      "integrity": "sha512-TaEiYLYBE8fYmM2DzCjGXet/TmkN1kC/cb53gVXmSalJNww9zPCcuSvoFVJZAsN8V1QpcDLxjqHcQrS6nlCOuQ=="
    },
    "media-typer": {
      "version": "0.3.0",
      "resolved": "https://nexus.opst.c1.vanguard.com/repository/vanguard_npm_group/media-typer/-/media-typer-0.3.0.tgz",
      "integrity": "sha512-CQVuikjAA81o9+67zrF4PN7NK2QmBDI1/WwLIxocIOykiiYL6QqSulSqoWfOtpjxHMgk/CcmWGBurpjHQlWWIw=="
    },
    "memory-pager": {
      "version": "1.5.0",
      "resolved": "https://nexus.opst.c1.vanguard.com/repository/vanguard_npm_group/memory-pager/-/memory-pager-1.5.0.tgz",
      "integrity": "sha512-UGbZhpnZXy2HIamMgAnePgqz+deZxnnmNc8/BUkCX/1Rzh4b+PGS+aFT8KCBl4Ipu9fcwYGXpgt0AShF3vzVIg==",
      "optional": true
    },
    "merge-descriptors": {
      "version": "1.0.1",
      "resolved": "https://nexus.opst.c1.vanguard.com/repository/vanguard_npm_group/merge-descriptors/-/merge-descriptors-1.0.1.tgz",
      "integrity": "sha512-D6+fQFTFEzKc1JxHTo4SXmfiC/F/226/Wpv6yxlaJZ0hNI+lYYDPmctfWfx/wKDir0j4eLsaslpJD5ddBohhqA=="
    },
    "methods": {
      "version": "1.1.2",
      "resolved": "https://nexus.opst.c1.vanguard.com/repository/vanguard_npm_group/methods/-/methods-1.1.2.tgz",
      "integrity": "sha512-QhHfroVS50Sa6FrSquU8F3Ig+EZ30rqmjLKY/E+o0og/xF8Qet1k2YejlBTiffUOXuCyVezW7kDwdRB/QYyQZQ=="
    },
    "mime": {
      "version": "1.3.4",
      "resolved": "https://nexus.opst.c1.vanguard.com/repository/vanguard_npm_group/mime/-/mime-1.3.4.tgz",
      "integrity": "sha512-WJEMoJdgiIGdJh7VFWL4S2Eo5m/wYeMl5LbdGURAIq8z5sBG/Z4/IPqRDRSVwKN79sqGEFXVS15i9oL4rpUVFw=="
    },
    "mime-db": {
      "version": "1.50.0",
      "resolved": "https://nexus.opst.c1.vanguard.com/repository/vanguard_npm_group/mime-db/-/mime-db-1.50.0.tgz",
      "integrity": "sha512-GJB79WKq+NZAixEUwk6+ufOjmsZxw8v1X7yQSKUI7a7AaLb2iYIxgVKW1P3FKwCL3r1dHVSiKCNqlWg98teP2Q=="
    },
    "mime-types": {
      "version": "2.1.33",
      "resolved": "https://nexus.opst.c1.vanguard.com/repository/vanguard_npm_group/mime-types/-/mime-types-2.1.33.tgz",
      "integrity": "sha512-ET2bej9NCCt2PrOyRwvvCBIGwNQAPSVtfNRnjmgA0RVF4OhJO+k4U3cEfLzfDKrs7LH3dzuCpHM7Bu6cYx1nyg==",
      "requires": {
        "mime-db": "1.50.0"
      }
    },
    "mongodb": {
      "version": "4.1.3",
      "resolved": "https://nexus.opst.c1.vanguard.com/repository/vanguard_npm_group/mongodb/-/mongodb-4.1.3.tgz",
      "integrity": "sha512-wXMgzjXyDF0yNyHCqLKzkqjp8i5bc14YENdgeqbLy1gYYKSXWo77gJnWj6v1FapSvgqrhugxXd5z7LD2smC9Tw==",
      "requires": {
        "bson": "^4.5.2",
        "denque": "^2.0.1",
        "mongodb-connection-string-url": "^2.0.0",
        "saslprep": "^1.0.3"
      }
    },
    "mongodb-connection-string-url": {
      "version": "2.1.0",
      "resolved": "https://nexus.opst.c1.vanguard.com/repository/vanguard_npm_group/mongodb-connection-string-url/-/mongodb-connection-string-url-2.1.0.tgz",
      "integrity": "sha512-S7MFaCKIJM9lwTz7SczdZyLhwZvf4aSo8iybcg/m8FwKN3FgdVBomyj3lbGS7De/7nfbcSgD4P3KSIJAEaDhAw==",
      "requires": {
        "@types/whatwg-url": "^8.2.1",
        "whatwg-url": "^9.1.0"
      }
    },
    "mongoose": {
      "version": "6.0.12",
      "resolved": "https://nexus.opst.c1.vanguard.com/repository/vanguard_npm_group/mongoose/-/mongoose-6.0.12.tgz",
      "integrity": "sha512-we4TYEQZaUUwS7OzQlOsZDbJa/gaMSMDqEmLLfBgyJVE6btrhej4soPcrJYDvzquSpzui6uV5wsd0Iner10uuQ==",
      "requires": {
        "bson": "^4.2.2",
        "kareem": "2.3.2",
        "mongodb": "4.1.3",
        "mpath": "0.8.4",
        "mquery": "4.0.0",
        "ms": "2.1.2",
        "regexp-clone": "1.0.0",
        "sift": "13.5.2",
        "sliced": "1.0.1"
      },
      "dependencies": {
        "ms": {
          "version": "2.1.2",
          "resolved": "https://nexus.opst.c1.vanguard.com/repository/vanguard_npm_group/ms/-/ms-2.1.2.tgz",
          "integrity": "sha512-m5uvOrjzxFZjHykc9+MheoNmMshp8l0mQrEuYDK45ZMWWo2Ew80VnHu2H/tY6s0o5ZX9R9x9rdr2+UdelDx3Xg=="
        }
      }
    },
    "mpath": {
      "version": "0.8.4",
      "resolved": "https://nexus.opst.c1.vanguard.com/repository/vanguard_npm_group/mpath/-/mpath-0.8.4.tgz",
      "integrity": "sha512-F3ZgZRY8d4ZY2Qy8/OSOtUVATE1JlVw5czcv7Crc5rGy6++bGmI0JhUEx7AlyD880hXAvrDaueufdwUMwwPvjw=="
    },
    "mquery": {
      "version": "4.0.0",
      "resolved": "https://nexus.opst.c1.vanguard.com/repository/vanguard_npm_group/mquery/-/mquery-4.0.0.tgz",
      "integrity": "sha512-DJaqPCCHWQbsZGZ+6Ep7R6RmCnos6G4ptQSQ6AZu7+/4JDk7wQuNWSC4ONZZjAVAObDfRRL5c2ZhdRJRFX0zYg==",
      "requires": {
        "debug": "4.x",
        "regexp-clone": "^1.0.0",
        "sliced": "1.0.1"
      },
      "dependencies": {
        "debug": {
          "version": "4.3.2",
          "resolved": "https://nexus.opst.c1.vanguard.com/repository/vanguard_npm_group/debug/-/debug-4.3.2.tgz",
          "integrity": "sha512-FY5pAzp83Ka9ssn0UAnHRSRBnjhs7UhFmQN14LksoMEvEdyez2Sw5ljVdac8fTL0bdRtYOfUpTmEu18KB8OfCQ==",
          "requires": {
            "ms": "2.1.2"
          }
        },
        "ms": {
          "version": "2.1.2",
          "resolved": "https://nexus.opst.c1.vanguard.com/repository/vanguard_npm_group/ms/-/ms-2.1.2.tgz",
          "integrity": "sha512-m5uvOrjzxFZjHykc9+MheoNmMshp8l0mQrEuYDK45ZMWWo2Ew80VnHu2H/tY6s0o5ZX9R9x9rdr2+UdelDx3Xg=="
        }
      }
    },
    "ms": {
      "version": "0.7.1",
      "resolved": "https://nexus.opst.c1.vanguard.com/repository/vanguard_npm_group/ms/-/ms-0.7.1.tgz",
      "integrity": "sha512-HBnnLg697Cew5H/kcB3rHeOtXktpBCIq8tWq8O6A8rDwE3x2y5I5g/uKcLDGkCVWSPRxORM/5DagktVIctha4Q=="
    },
    "negotiator": {
      "version": "0.5.3",
      "resolved": "https://nexus.opst.c1.vanguard.com/repository/vanguard_npm_group/negotiator/-/negotiator-0.5.3.tgz",
      "integrity": "sha512-lDKCg7J8ypb/NCPK6STGGvLwQzhj7DfUTaMIvDKBd7QQRswld4/AQHBNqRDAafs+v7TyBBok8Itd9+dMkyE2RQ=="
    },
    "object-assign": {
      "version": "4.1.1",
      "resolved": "https://nexus.opst.c1.vanguard.com/repository/vanguard_npm_group/object-assign/-/object-assign-4.1.1.tgz",
      "integrity": "sha512-gHiTs0QzYjsCp4uz+gMUAQUULHXIuoF2nHPZhdGhV9whlhFIHeGprTLq3l5MEpSD0ODVvk+NXyYoLUD0XugfZQ=="
    },
    "on-finished": {
      "version": "2.3.0",
      "resolved": "https://nexus.opst.c1.vanguard.com/repository/vanguard_npm_group/on-finished/-/on-finished-2.3.0.tgz",
      "integrity": "sha512-qJ9aZhMY8P/jq1RSBVw0zS3EXhR/EqthlhWZiu2p2cnfuq+UM42XMwCttJ8PQ+DuiDk9KX6BSPQTQmxEhc9jBQ==",
      "requires": {
        "ee-first": "1.1.1"
      }
    },
    "parseurl": {
      "version": "1.3.3",
      "resolved": "https://nexus.opst.c1.vanguard.com/repository/vanguard_npm_group/parseurl/-/parseurl-1.3.3.tgz",
      "integrity": "sha512-rjCMmC1DhTPavJAyWOuhl/Yoh/55SCQG5aVwFk40StvQVrYFGpvn4l7Vm9+zka5qWqjARGHu+y1n108Ftuy8og=="
    },
    "path-to-regexp": {
      "version": "0.1.7",
      "resolved": "https://nexus.opst.c1.vanguard.com/repository/vanguard_npm_group/path-to-regexp/-/path-to-regexp-0.1.7.tgz",
      "integrity": "sha512-TA1gLgUHC9dx7K2xgEj0PDGwLhRVoSx8b2WRcAe9cOGmvFH2vHV3gC/LzTN4aDZvQ7EOxVoR8/9T7tq9uKn0kw=="
    },
    "proxy-addr": {
      "version": "1.0.10",
      "resolved": "https://nexus.opst.c1.vanguard.com/repository/vanguard_npm_group/proxy-addr/-/proxy-addr-1.0.10.tgz",
      "integrity": "sha512-iTB7dptEs41NXfm8MO3maYeAbRK64Xi0ePp4wVVaKNv4Ncg8/9SZt73zn7myCUwxFc4xnYETqJ/pm5hc/X6b+g==",
      "requires": {
        "forwarded": "~0.1.0",
        "ipaddr.js": "1.0.5"
      }
    },
    "punycode": {
      "version": "2.1.1",
      "resolved": "https://nexus.opst.c1.vanguard.com/repository/vanguard_npm_group/punycode/-/punycode-2.1.1.tgz",
      "integrity": "sha512-QI0hMPbdD1ECmfPOC9fyl87hQjK/9kqCcOfsUQ9JKmD50O4pA51NirJ/TfAWCmFjaC5CIw3JA9nhUSXeubs2YQ=="
    },
    "qs": {
      "version": "4.0.0",
      "resolved": "https://nexus.opst.c1.vanguard.com/repository/vanguard_npm_group/qs/-/qs-4.0.0.tgz",
      "integrity": "sha512-6bTqq+VxgZKtTOxZey5HDEwNvVThSpcoLKpTcbtARELfqPVgUjpUEIXG2yM04Gxmt0yv0FuaM/aMwpDnb2LVpA=="
    },
    "range-parser": {
      "version": "1.0.3",
      "resolved": "https://nexus.opst.c1.vanguard.com/repository/vanguard_npm_group/range-parser/-/range-parser-1.0.3.tgz",
      "integrity": "sha512-YMiOsUronZabfzoGGqSsT2Yen3t6xIdFI2b23txje8HMIsM3PaD70YuTmMqqcUWJ8zdSiTmSBHv7XCyy4rChpA=="
    },
    "raw-body": {
      "version": "2.2.0",
      "resolved": "https://nexus.opst.c1.vanguard.com/repository/vanguard_npm_group/raw-body/-/raw-body-2.2.0.tgz",
      "integrity": "sha512-J1AnZfkae33hD1YmsguSopkO3c7m3Nm7BPqmTL8W02va37aE8Iqh314v44sW88K+UsKR2vL5Hy6A1bCEF9ZGVQ==",
      "requires": {
        "bytes": "2.4.0",
        "iconv-lite": "0.4.15",
        "unpipe": "1.0.0"
      }
    },
    "regexp-clone": {
      "version": "1.0.0",
      "resolved": "https://nexus.opst.c1.vanguard.com/repository/vanguard_npm_group/regexp-clone/-/regexp-clone-1.0.0.tgz",
      "integrity": "sha512-3VPcpTGJvPK0eQZkIFWTEQ7IzqxLj4F0uacd3FDV2ySY05ynKsPN2WBbSlGw/cq4UqDeTtC8nmERKeavqSXuTQ=="
    },
    "saslprep": {
      "version": "1.0.3",
      "resolved": "https://nexus.opst.c1.vanguard.com/repository/vanguard_npm_group/saslprep/-/saslprep-1.0.3.tgz",
      "integrity": "sha512-1L6D2j491nbmjIkB77GFyIPrAZwSCgXOpzCIJ2q1WnH2OSEbEt8k+9LbfsyxEEZDcCB/4EaRZ3AgNUG1Bmu2Wg==",
      "optional": true,
      "requires": {
        "sparse-bitfield": "^3.0.3"
      }
    },
    "send": {
      "version": "0.13.1",
      "resolved": "https://nexus.opst.c1.vanguard.com/repository/vanguard_npm_group/send/-/send-0.13.1.tgz",
      "integrity": "sha512-jKQxalrgVAWjmV1iIIR8JxkmepSws/avK3Qvwjq1lnTIuyAXUI95IIkLQNIJ1nHE8X7+ERKwn328yFGhy9kWqg==",
      "requires": {
        "debug": "~2.2.0",
        "depd": "~1.1.0",
        "destroy": "~1.0.4",
        "escape-html": "~1.0.3",
        "etag": "~1.7.0",
        "fresh": "0.3.0",
        "http-errors": "~1.3.1",
        "mime": "1.3.4",
        "ms": "0.7.1",
        "on-finished": "~2.3.0",
        "range-parser": "~1.0.3",
        "statuses": "~1.2.1"
      }
    },
    "serve-static": {
      "version": "1.10.3",
      "resolved": "https://nexus.opst.c1.vanguard.com/repository/vanguard_npm_group/serve-static/-/serve-static-1.10.3.tgz",
      "integrity": "sha512-NJ2gWs1RaXun2WKcXVATX8VfWgHwN16E/14BxCHtTWuTBDoKEFUbdyLhjNYFIYiy5oiouCrQuv5O264iTBG+0g==",
      "requires": {
        "escape-html": "~1.0.3",
        "parseurl": "~1.3.1",
        "send": "0.13.2"
      },
      "dependencies": {
        "send": {
          "version": "0.13.2",
          "resolved": "https://nexus.opst.c1.vanguard.com/repository/vanguard_npm_group/send/-/send-0.13.2.tgz",
          "integrity": "sha512-dTI1rC5PueHyRT/cRleF1dk+aRDu3DswYftPiO/sHWLBRuZcS9/ZPoiiYsxz/CdIm7PHdy5SzUZaPk8gGvUXJQ==",
          "requires": {
            "debug": "~2.2.0",
            "depd": "~1.1.0",
            "destroy": "~1.0.4",
            "escape-html": "~1.0.3",
            "etag": "~1.7.0",
            "fresh": "0.3.0",
            "http-errors": "~1.3.1",
            "mime": "1.3.4",
            "ms": "0.7.1",
            "on-finished": "~2.3.0",
            "range-parser": "~1.0.3",
            "statuses": "~1.2.1"
          }
        }
      }
    },
    "setprototypeof": {
      "version": "1.1.0",
      "resolved": "https://nexus.opst.c1.vanguard.com/repository/vanguard_npm_group/setprototypeof/-/setprototypeof-1.1.0.tgz",
      "integrity": "sha512-18+7EoqQMJjAPT6UNksEYaAy8A6CKQ7pilhHS4fAMl6OG05SJLaD9/+AxPretL/TJEF/q++OxsZfmBHXeiq6Tw=="
    },
    "sift": {
      "version": "13.5.2",
      "resolved": "https://nexus.opst.c1.vanguard.com/repository/vanguard_npm_group/sift/-/sift-13.5.2.tgz",
      "integrity": "sha512-CYznZNZTMnQeYzLyxzXL2RdlnRqttrKbOrraBKm8DTbe1eIUiEfJg7wEdu6bo3HrMXXddLfGILLsxko+idDk/g=="
    },
    "sliced": {
      "version": "1.0.1",
      "resolved": "https://nexus.opst.c1.vanguard.com/repository/vanguard_npm_group/sliced/-/sliced-1.0.1.tgz",
      "integrity": "sha512-iHCOvMcy4Nqn/mvOdQuyFdjay4dWLbw7FF0tACiMpx+s/JeXWRBAB7PTGypX8uhKtRdjoCzZfIbduuYerqIPxA=="
    },
    "socket.io": {
      "version": "4.3.1",
      "resolved": "https://nexus.opst.c1.vanguard.com/repository/vanguard_npm_group/socket.io/-/socket.io-4.3.1.tgz",
      "integrity": "sha512-rFpfKSNmdcaYJxc5gR0MGIW6RWhdbGNlCYQnFYQEhYgJWzbo53edAfxgicZBTADU4nJuf4x2Xg77291VnzgCgg==",
      "requires": {
        "accepts": "~1.3.4",
        "base64id": "~2.0.0",
        "debug": "~4.3.2",
        "engine.io": "~6.0.0",
        "socket.io-adapter": "~2.3.2",
        "socket.io-parser": "~4.0.4"
      },
      "dependencies": {
        "accepts": {
          "version": "1.3.7",
          "resolved": "https://nexus.opst.c1.vanguard.com/repository/vanguard_npm_group/accepts/-/accepts-1.3.7.tgz",
          "integrity": "sha512-gCZzME2zgZSy0qAiurRnZM2ik9oboPD30WPJi9rTHezDpksLPrpQyvFPCYFOTvwsrySXT1Eg5p6I3Ba0VpzinA==",
          "requires": {
            "mime-types": "~2.1.24",
            "negotiator": "0.6.2"
          }
        },
        "debug": {
          "version": "4.3.2",
          "resolved": "https://nexus.opst.c1.vanguard.com/repository/vanguard_npm_group/debug/-/debug-4.3.2.tgz",
          "integrity": "sha512-FY5pAzp83Ka9ssn0UAnHRSRBnjhs7UhFmQN14LksoMEvEdyez2Sw5ljVdac8fTL0bdRtYOfUpTmEu18KB8OfCQ==",
          "requires": {
            "ms": "2.1.2"
          }
        },
        "ms": {
          "version": "2.1.2",
          "resolved": "https://nexus.opst.c1.vanguard.com/repository/vanguard_npm_group/ms/-/ms-2.1.2.tgz",
          "integrity": "sha512-m5uvOrjzxFZjHykc9+MheoNmMshp8l0mQrEuYDK45ZMWWo2Ew80VnHu2H/tY6s0o5ZX9R9x9rdr2+UdelDx3Xg=="
        },
        "negotiator": {
          "version": "0.6.2",
          "resolved": "https://nexus.opst.c1.vanguard.com/repository/vanguard_npm_group/negotiator/-/negotiator-0.6.2.tgz",
          "integrity": "sha512-sSfhd7UzyPGkW5dn5So4zA4Ba9Yl1x9PqS8/M5xfPbSmpdqQz7JEfZqFDKZeS6ilN4JRxtdsjm5le6TtNd92SA=="
        }
      }
    },
    "socket.io-adapter": {
      "version": "2.3.2",
      "resolved": "https://nexus.opst.c1.vanguard.com/repository/vanguard_npm_group/socket.io-adapter/-/socket.io-adapter-2.3.2.tgz",
      "integrity": "sha512-r+yTTV7P4iAsodUzzl2n05x7vX/GyRxTVcvjm6E1KdHSi7HJ6iiCn8B7rOoc5l1W+NVJ1p1KNaVn+8SZaLJsZg=="
    },
    "socket.io-parser": {
      "version": "4.0.4",
      "resolved": "https://nexus.opst.c1.vanguard.com/repository/vanguard_npm_group/socket.io-parser/-/socket.io-parser-4.0.4.tgz",
      "integrity": "sha512-b5Hu+5ZiOPjahbJHdo7lXbaWADKnp++7hFWKLLDrck2RYEyjtaVt09Y8KOVnbzBL3gILNgoeUi+duKNsi4lPAw==",
      "requires": {
        "@types/component-emitter": "^1.2.10",
        "component-emitter": "~1.3.0",
        "debug": "~4.3.1"
      },
      "dependencies": {
        "debug": {
          "version": "4.3.2",
          "resolved": "https://nexus.opst.c1.vanguard.com/repository/vanguard_npm_group/debug/-/debug-4.3.2.tgz",
          "integrity": "sha512-FY5pAzp83Ka9ssn0UAnHRSRBnjhs7UhFmQN14LksoMEvEdyez2Sw5ljVdac8fTL0bdRtYOfUpTmEu18KB8OfCQ==",
          "requires": {
            "ms": "2.1.2"
          }
        },
        "ms": {
          "version": "2.1.2",
          "resolved": "https://nexus.opst.c1.vanguard.com/repository/vanguard_npm_group/ms/-/ms-2.1.2.tgz",
          "integrity": "sha512-m5uvOrjzxFZjHykc9+MheoNmMshp8l0mQrEuYDK45ZMWWo2Ew80VnHu2H/tY6s0o5ZX9R9x9rdr2+UdelDx3Xg=="
        }
      }
    },
    "sparse-bitfield": {
      "version": "3.0.3",
      "resolved": "https://nexus.opst.c1.vanguard.com/repository/vanguard_npm_group/sparse-bitfield/-/sparse-bitfield-3.0.3.tgz",
      "integrity": "sha512-/ph4lrrSMvP3Yn+35a7LQ6Utg9Gyl1vhFdn9TQuiXIA6Qa/H9QRvVL6VUdzaLARqV/Ce1FM6M2/zUraZ09xnFQ==",
      "optional": true,
      "requires": {
        "memory-pager": "^1.0.2"
      }
    },
    "statuses": {
      "version": "1.2.1",
      "resolved": "https://nexus.opst.c1.vanguard.com/repository/vanguard_npm_group/statuses/-/statuses-1.2.1.tgz",
      "integrity": "sha512-7S37efWFDdcZ0gvFXk31tT6dvZaTTzdHlXJ7/+WqSCkFXk1X7GbIvKGiLM9UNfrXnTR+0i2vy0RxCmlwQ/juUw=="
    },
    "tr46": {
      "version": "2.1.0",
      "resolved": "https://nexus.opst.c1.vanguard.com/repository/vanguard_npm_group/tr46/-/tr46-2.1.0.tgz",
      "integrity": "sha512-LVpvqvCDDi4S47TOqMZ1DKGjSrBc58ydILK8pxuxlW0kt6VwgrnapoO4hJNwjmckdvGR5fNswuIRPxmm4zxMMQ==",
      "requires": {
        "punycode": "^2.1.1"
      }
    },
    "type-is": {
      "version": "1.6.18",
      "resolved": "https://nexus.opst.c1.vanguard.com/repository/vanguard_npm_group/type-is/-/type-is-1.6.18.tgz",
      "integrity": "sha512-11o/7x/YHwxx7TPepD5jVNlQ7+0dBL5HgrYVK/09ANtJzhsGTOucnCJKslV4XVbC2aJkW4rjKVgKLIHNOKoIcw==",
      "requires": {
        "media-typer": "0.3.0",
        "mime-types": "~2.1.24"
      }
    },
    "unpipe": {
      "version": "1.0.0",
      "resolved": "https://nexus.opst.c1.vanguard.com/repository/vanguard_npm_group/unpipe/-/unpipe-1.0.0.tgz",
      "integrity": "sha512-dgLW0swT3lFUE3m5vGVQ6DV0Ok8DhaGFqkr39TWtOJqYtNaEfHqIe1PlHUBCDsA/MfSeZUnHvqsxks29X1L9wA=="
    },
    "utils-merge": {
      "version": "1.0.0",
      "resolved": "https://nexus.opst.c1.vanguard.com/repository/vanguard_npm_group/utils-merge/-/utils-merge-1.0.0.tgz",
      "integrity": "sha512-reqXDBZ1E82n5JHxOCu8UqyzjtWup1o+eJeJzPY2YPhvYs7mTkairv7Xhmd5RjANjnhBspUp2NFuLfwMD5Gazw=="
    },
    "vary": {
      "version": "1.0.1",
      "resolved": "https://nexus.opst.c1.vanguard.com/repository/vanguard_npm_group/vary/-/vary-1.0.1.tgz",
      "integrity": "sha512-LUPQ8yqaTbK3+AGelvAmRL+y2ft7q+FOJHZuQD1bL3nCSyU0DQJ2v+P0XX8vASzQsiC18KtJQG4++FG0zM5C0g=="
    },
    "webidl-conversions": {
      "version": "6.1.0",
      "resolved": "https://nexus.opst.c1.vanguard.com/repository/vanguard_npm_group/webidl-conversions/-/webidl-conversions-6.1.0.tgz",
      "integrity": "sha512-7UoZcPGBfo/1Jn2h27vJ9gcAGX6mBhzETVV8veth6r+l864nNZRahHVB54Xq9ScK+n2Zm69Ahrhj1Acj1/fnRg=="
    },
    "whatwg-url": {
      "version": "9.1.0",
      "resolved": "https://nexus.opst.c1.vanguard.com/repository/vanguard_npm_group/whatwg-url/-/whatwg-url-9.1.0.tgz",
      "integrity": "sha512-bFv12xXmns5oMCy4ouQiYfMhGuUdr2NEtkTjBvHwjZBLdCZP3OZEc0dLRQHYdFlMI0r6TFfdSrpbXlhUb0um1Q==",
      "requires": {
        "tr46": "^2.1.0",
        "webidl-conversions": "^6.1.0"
      }
    },
    "ws": {
      "version": "8.2.3",
      "resolved": "https://nexus.opst.c1.vanguard.com/repository/vanguard_npm_group/ws/-/ws-8.2.3.tgz",
      "integrity": "sha512-2S0QmhZnrs2OPsENTr1JCHGORI//9wlHWMQk738ikTvWFMsOnImHRjvWx0zzc51JFjMFGD58DckPC8/en8dXEA=="
    }
  }
}
